// !$*UTF8*$!
{
	archiveVersion = 1;
	classes = {
	};
	objectVersion = 46;
	objects = {

/* Begin PBXBuildFile section */
		010DEFD51629BDC40080F26B /* UIKit.framework in Frameworks */ = {isa = PBXBuildFile; fileRef = 010DEFD41629BDC40080F26B /* UIKit.framework */; };
		010DEFD71629BDC40080F26B /* Foundation.framework in Frameworks */ = {isa = PBXBuildFile; fileRef = 010DEFD61629BDC40080F26B /* Foundation.framework */; };
		010DEFD91629BDC40080F26B /* CoreGraphics.framework in Frameworks */ = {isa = PBXBuildFile; fileRef = 010DEFD81629BDC40080F26B /* CoreGraphics.framework */; };
		010DEFDF1629BDC40080F26B /* InfoPlist.strings in Resources */ = {isa = PBXBuildFile; fileRef = 010DEFDD1629BDC40080F26B /* InfoPlist.strings */; };
		010DEFE11629BDC40080F26B /* main.m in Sources */ = {isa = PBXBuildFile; fileRef = 010DEFE01629BDC40080F26B /* main.m */; };
		010DEFE51629BDC40080F26B /* SYNAppDelegate.m in Sources */ = {isa = PBXBuildFile; fileRef = 010DEFE41629BDC40080F26B /* SYNAppDelegate.m */; };
		019824E81629CB4300216900 /* SYNDebug.m in Sources */ = {isa = PBXBuildFile; fileRef = 019824E71629CB4300216900 /* SYNDebug.m */; };
		019824EC1629CBDF00216900 /* UncaughtExceptionHandler.m in Sources */ = {isa = PBXBuildFile; fileRef = 019824EB1629CBDF00216900 /* UncaughtExceptionHandler.m */; };
		019824F01629CC7600216900 /* libTestFlight.a in Frameworks */ = {isa = PBXBuildFile; fileRef = 019824EE1629CC7600216900 /* libTestFlight.a */; };
		019824F21629CE1600216900 /* libz.dylib in Frameworks */ = {isa = PBXBuildFile; fileRef = 019824F11629CE1600216900 /* libz.dylib */; };
		019824F61629CEDC00216900 /* Default-Landscape@2x.png in Resources */ = {isa = PBXBuildFile; fileRef = 019824F51629CEDC00216900 /* Default-Landscape@2x.png */; };
		019824F81629D07A00216900 /* Icon@2x.png in Resources */ = {isa = PBXBuildFile; fileRef = 019824F71629D07A00216900 /* Icon@2x.png */; };
		019824FA1629D09500216900 /* iTunesArtwork in Resources */ = {isa = PBXBuildFile; fileRef = 019824F91629D09500216900 /* iTunesArtwork */; };
		019824FE1629D1A600216900 /* DINNextLTPro-Bold.otf in Resources */ = {isa = PBXBuildFile; fileRef = 019824FC1629D1A600216900 /* DINNextLTPro-Bold.otf */; };
		019824FF1629D1A600216900 /* DINNextLTPro-Regular.otf in Resources */ = {isa = PBXBuildFile; fileRef = 019824FD1629D1A600216900 /* DINNextLTPro-Regular.otf */; };
		019825091629DCA700216900 /* BackgroundDiscovery@2x.png in Resources */ = {isa = PBXBuildFile; fileRef = 019825081629DCA700216900 /* BackgroundDiscovery@2x.png */; };
		0198250D1629DCF100216900 /* SYNBottomTabViewController.m in Sources */ = {isa = PBXBuildFile; fileRef = 0198250B1629DCF100216900 /* SYNBottomTabViewController.m */; };
		0198250E1629DCF100216900 /* SYNBottomTabViewController.xib in Resources */ = {isa = PBXBuildFile; fileRef = 0198250C1629DCF100216900 /* SYNBottomTabViewController.xib */; };
		019825181629E23000216900 /* TabFriendsHighlighted@2x.png in Resources */ = {isa = PBXBuildFile; fileRef = 019825101629E23000216900 /* TabFriendsHighlighted@2x.png */; };
		019825191629E23000216900 /* TabFriends@2x.png in Resources */ = {isa = PBXBuildFile; fileRef = 019825111629E23000216900 /* TabFriends@2x.png */; };
		0198251A1629E23000216900 /* TabMyRockPackHighlighted@2x.png in Resources */ = {isa = PBXBuildFile; fileRef = 019825121629E23000216900 /* TabMyRockPackHighlighted@2x.png */; };
		0198251B1629E23000216900 /* TabMyRockPack@2x.png in Resources */ = {isa = PBXBuildFile; fileRef = 019825131629E23000216900 /* TabMyRockPack@2x.png */; };
		0198251C1629E23000216900 /* TabDiscoverHighlighted@2x.png in Resources */ = {isa = PBXBuildFile; fileRef = 019825141629E23000216900 /* TabDiscoverHighlighted@2x.png */; };
		0198251D1629E23000216900 /* TabDiscover@2x.png in Resources */ = {isa = PBXBuildFile; fileRef = 019825151629E23000216900 /* TabDiscover@2x.png */; };
		0198251E1629E23000216900 /* TabWallPacksHighlighted@2x.png in Resources */ = {isa = PBXBuildFile; fileRef = 019825161629E23000216900 /* TabWallPacksHighlighted@2x.png */; };
		0198251F1629E23000216900 /* TabWallPacks@2x.png in Resources */ = {isa = PBXBuildFile; fileRef = 019825171629E23000216900 /* TabWallPacks@2x.png */; };
		01982544162A201800216900 /* SYNDiscoverViewController.m in Sources */ = {isa = PBXBuildFile; fileRef = 01982542162A201800216900 /* SYNDiscoverViewController.m */; };
		01982545162A201800216900 /* SYNDiscoverViewController.xib in Resources */ = {isa = PBXBuildFile; fileRef = 01982543162A201800216900 /* SYNDiscoverViewController.xib */; };
		01982549162A203600216900 /* SYNMyRockPackViewController.m in Sources */ = {isa = PBXBuildFile; fileRef = 01982547162A203600216900 /* SYNMyRockPackViewController.m */; };
		0198254A162A203600216900 /* SYNMyRockPackViewController.xib in Resources */ = {isa = PBXBuildFile; fileRef = 01982548162A203600216900 /* SYNMyRockPackViewController.xib */; };
		0198254E162A204A00216900 /* SYNFriendsViewController.m in Sources */ = {isa = PBXBuildFile; fileRef = 0198254C162A204A00216900 /* SYNFriendsViewController.m */; };
		0198254F162A204A00216900 /* SYNFriendsViewController.xib in Resources */ = {isa = PBXBuildFile; fileRef = 0198254D162A204A00216900 /* SYNFriendsViewController.xib */; };
		01982552162A2AC300216900 /* PanelMainTitle@2x.png in Resources */ = {isa = PBXBuildFile; fileRef = 01982551162A2AC300216900 /* PanelMainTitle@2x.png */; };
		0198255C162ADE1200216900 /* SYNWallPackTopTabViewController.m in Sources */ = {isa = PBXBuildFile; fileRef = 0198255A162ADE1100216900 /* SYNWallPackTopTabViewController.m */; };
		0198255D162ADE1200216900 /* SYNWallPackTopTabViewController.xib in Resources */ = {isa = PBXBuildFile; fileRef = 0198255B162ADE1100216900 /* SYNWallPackTopTabViewController.xib */; };
		01982566162ADEE300216900 /* SYNAbstractTopTabViewController.m in Sources */ = {isa = PBXBuildFile; fileRef = 01982565162ADEE300216900 /* SYNAbstractTopTabViewController.m */; };
		01982569162AE4B300216900 /* TabTopHighlighted@2x.png in Resources */ = {isa = PBXBuildFile; fileRef = 01982567162AE4B300216900 /* TabTopHighlighted@2x.png */; };
		0198256A162AE4B300216900 /* TabTop@2x.png in Resources */ = {isa = PBXBuildFile; fileRef = 01982568162AE4B300216900 /* TabTop@2x.png */; };
		01982573162AF10B00216900 /* TabTopHighlighted.png in Resources */ = {isa = PBXBuildFile; fileRef = 01982571162AF10B00216900 /* TabTopHighlighted.png */; };
		01982574162AF10B00216900 /* TabTop.png in Resources */ = {isa = PBXBuildFile; fileRef = 01982572162AF10B00216900 /* TabTop.png */; };
		01982576162AFB9700216900 /* QuartzCore.framework in Frameworks */ = {isa = PBXBuildFile; fileRef = 01982575162AFB9600216900 /* QuartzCore.framework */; };
		01982580162B17A900216900 /* SYNWallPackCategoryAViewController.m in Sources */ = {isa = PBXBuildFile; fileRef = 0198257E162B17A900216900 /* SYNWallPackCategoryAViewController.m */; };
		01982581162B17A900216900 /* SYNWallPackCategoryAViewController.xib in Resources */ = {isa = PBXBuildFile; fileRef = 0198257F162B17A900216900 /* SYNWallPackCategoryAViewController.xib */; };
		01982585162B17B800216900 /* SYNWallPackCategoryBViewController.m in Sources */ = {isa = PBXBuildFile; fileRef = 01982583162B17B800216900 /* SYNWallPackCategoryBViewController.m */; };
		01982586162B17B800216900 /* SYNWallPackCategoryBViewController.xib in Resources */ = {isa = PBXBuildFile; fileRef = 01982584162B17B800216900 /* SYNWallPackCategoryBViewController.xib */; };
		01982589162B605A00216900 /* SYNTabImageView.m in Sources */ = {isa = PBXBuildFile; fileRef = 01982588162B605A00216900 /* SYNTabImageView.m */; };
		0198258C162B615D00216900 /* SYNddd.m in Sources */ = {isa = PBXBuildFile; fileRef = 0198258B162B615D00216900 /* SYNddd.m */; };
/* End PBXBuildFile section */

/* Begin PBXFileReference section */
		010DEFD01629BDC40080F26B /* RockPack.app */ = {isa = PBXFileReference; explicitFileType = wrapper.application; includeInIndex = 0; path = RockPack.app; sourceTree = BUILT_PRODUCTS_DIR; };
		010DEFD41629BDC40080F26B /* UIKit.framework */ = {isa = PBXFileReference; lastKnownFileType = wrapper.framework; name = UIKit.framework; path = System/Library/Frameworks/UIKit.framework; sourceTree = SDKROOT; };
		010DEFD61629BDC40080F26B /* Foundation.framework */ = {isa = PBXFileReference; lastKnownFileType = wrapper.framework; name = Foundation.framework; path = System/Library/Frameworks/Foundation.framework; sourceTree = SDKROOT; };
		010DEFD81629BDC40080F26B /* CoreGraphics.framework */ = {isa = PBXFileReference; lastKnownFileType = wrapper.framework; name = CoreGraphics.framework; path = System/Library/Frameworks/CoreGraphics.framework; sourceTree = SDKROOT; };
		010DEFDC1629BDC40080F26B /* RockPack-Info.plist */ = {isa = PBXFileReference; lastKnownFileType = text.plist.xml; name = "RockPack-Info.plist"; path = "RockPack/RockPack-Info.plist"; sourceTree = "<group>"; };
		010DEFDE1629BDC40080F26B /* en */ = {isa = PBXFileReference; lastKnownFileType = text.plist.strings; name = en; path = en.lproj/InfoPlist.strings; sourceTree = "<group>"; };
		010DEFE01629BDC40080F26B /* main.m */ = {isa = PBXFileReference; lastKnownFileType = sourcecode.c.objc; path = main.m; sourceTree = "<group>"; };
		010DEFE21629BDC40080F26B /* RockPack-Prefix.pch */ = {isa = PBXFileReference; lastKnownFileType = sourcecode.c.h; path = "RockPack-Prefix.pch"; sourceTree = "<group>"; };
		010DEFE31629BDC40080F26B /* SYNAppDelegate.h */ = {isa = PBXFileReference; lastKnownFileType = sourcecode.c.h; path = SYNAppDelegate.h; sourceTree = "<group>"; };
		010DEFE41629BDC40080F26B /* SYNAppDelegate.m */ = {isa = PBXFileReference; lastKnownFileType = sourcecode.c.objc; path = SYNAppDelegate.m; sourceTree = "<group>"; };
		019824E61629CB4300216900 /* SYNDebug.h */ = {isa = PBXFileReference; fileEncoding = 4; lastKnownFileType = sourcecode.c.h; path = SYNDebug.h; sourceTree = "<group>"; };
		019824E71629CB4300216900 /* SYNDebug.m */ = {isa = PBXFileReference; fileEncoding = 4; lastKnownFileType = sourcecode.c.objc; path = SYNDebug.m; sourceTree = "<group>"; };
		019824EA1629CBDF00216900 /* UncaughtExceptionHandler.h */ = {isa = PBXFileReference; fileEncoding = 4; lastKnownFileType = sourcecode.c.h; path = UncaughtExceptionHandler.h; sourceTree = "<group>"; };
		019824EB1629CBDF00216900 /* UncaughtExceptionHandler.m */ = {isa = PBXFileReference; fileEncoding = 4; lastKnownFileType = sourcecode.c.objc; path = UncaughtExceptionHandler.m; sourceTree = "<group>"; };
		019824EE1629CC7600216900 /* libTestFlight.a */ = {isa = PBXFileReference; lastKnownFileType = archive.ar; name = libTestFlight.a; path = RockPack/libTestFlight.a; sourceTree = "<group>"; };
		019824EF1629CC7600216900 /* TestFlight.h */ = {isa = PBXFileReference; fileEncoding = 4; lastKnownFileType = sourcecode.c.h; path = TestFlight.h; sourceTree = "<group>"; };
		019824F11629CE1600216900 /* libz.dylib */ = {isa = PBXFileReference; lastKnownFileType = "compiled.mach-o.dylib"; name = libz.dylib; path = usr/lib/libz.dylib; sourceTree = SDKROOT; };
		019824F51629CEDC00216900 /* Default-Landscape@2x.png */ = {isa = PBXFileReference; lastKnownFileType = image.png; path = "Default-Landscape@2x.png"; sourceTree = "<group>"; };
		019824F71629D07A00216900 /* Icon@2x.png */ = {isa = PBXFileReference; lastKnownFileType = image.png; path = "Icon@2x.png"; sourceTree = "<group>"; };
		019824F91629D09500216900 /* iTunesArtwork */ = {isa = PBXFileReference; lastKnownFileType = file; path = iTunesArtwork; sourceTree = "<group>"; };
		019824FC1629D1A600216900 /* DINNextLTPro-Bold.otf */ = {isa = PBXFileReference; lastKnownFileType = file; path = "DINNextLTPro-Bold.otf"; sourceTree = "<group>"; };
		019824FD1629D1A600216900 /* DINNextLTPro-Regular.otf */ = {isa = PBXFileReference; lastKnownFileType = file; path = "DINNextLTPro-Regular.otf"; sourceTree = "<group>"; };
		019825081629DCA700216900 /* BackgroundDiscovery@2x.png */ = {isa = PBXFileReference; lastKnownFileType = image.png; path = "BackgroundDiscovery@2x.png"; sourceTree = "<group>"; };
		0198250A1629DCF100216900 /* SYNBottomTabViewController.h */ = {isa = PBXFileReference; fileEncoding = 4; lastKnownFileType = sourcecode.c.h; path = SYNBottomTabViewController.h; sourceTree = "<group>"; };
		0198250B1629DCF100216900 /* SYNBottomTabViewController.m */ = {isa = PBXFileReference; fileEncoding = 4; lastKnownFileType = sourcecode.c.objc; path = SYNBottomTabViewController.m; sourceTree = "<group>"; };
		0198250C1629DCF100216900 /* SYNBottomTabViewController.xib */ = {isa = PBXFileReference; fileEncoding = 4; lastKnownFileType = file.xib; path = SYNBottomTabViewController.xib; sourceTree = "<group>"; };
		019825101629E23000216900 /* TabFriendsHighlighted@2x.png */ = {isa = PBXFileReference; lastKnownFileType = image.png; path = "TabFriendsHighlighted@2x.png"; sourceTree = "<group>"; };
		019825111629E23000216900 /* TabFriends@2x.png */ = {isa = PBXFileReference; lastKnownFileType = image.png; path = "TabFriends@2x.png"; sourceTree = "<group>"; };
		019825121629E23000216900 /* TabMyRockPackHighlighted@2x.png */ = {isa = PBXFileReference; lastKnownFileType = image.png; path = "TabMyRockPackHighlighted@2x.png"; sourceTree = "<group>"; };
		019825131629E23000216900 /* TabMyRockPack@2x.png */ = {isa = PBXFileReference; lastKnownFileType = image.png; path = "TabMyRockPack@2x.png"; sourceTree = "<group>"; };
		019825141629E23000216900 /* TabDiscoverHighlighted@2x.png */ = {isa = PBXFileReference; lastKnownFileType = image.png; path = "TabDiscoverHighlighted@2x.png"; sourceTree = "<group>"; };
		019825151629E23000216900 /* TabDiscover@2x.png */ = {isa = PBXFileReference; lastKnownFileType = image.png; path = "TabDiscover@2x.png"; sourceTree = "<group>"; };
		019825161629E23000216900 /* TabWallPacksHighlighted@2x.png */ = {isa = PBXFileReference; lastKnownFileType = image.png; path = "TabWallPacksHighlighted@2x.png"; sourceTree = "<group>"; };
		019825171629E23000216900 /* TabWallPacks@2x.png */ = {isa = PBXFileReference; lastKnownFileType = image.png; path = "TabWallPacks@2x.png"; sourceTree = "<group>"; };
		01982526162A02F700216900 /* AppContants.h */ = {isa = PBXFileReference; lastKnownFileType = sourcecode.c.h; path = AppContants.h; sourceTree = "<group>"; };
		01982541162A201800216900 /* SYNDiscoverViewController.h */ = {isa = PBXFileReference; fileEncoding = 4; lastKnownFileType = sourcecode.c.h; path = SYNDiscoverViewController.h; sourceTree = "<group>"; };
		01982542162A201800216900 /* SYNDiscoverViewController.m */ = {isa = PBXFileReference; fileEncoding = 4; lastKnownFileType = sourcecode.c.objc; path = SYNDiscoverViewController.m; sourceTree = "<group>"; };
		01982543162A201800216900 /* SYNDiscoverViewController.xib */ = {isa = PBXFileReference; fileEncoding = 4; lastKnownFileType = file.xib; path = SYNDiscoverViewController.xib; sourceTree = "<group>"; };
		01982546162A203600216900 /* SYNMyRockPackViewController.h */ = {isa = PBXFileReference; fileEncoding = 4; lastKnownFileType = sourcecode.c.h; path = SYNMyRockPackViewController.h; sourceTree = "<group>"; };
		01982547162A203600216900 /* SYNMyRockPackViewController.m */ = {isa = PBXFileReference; fileEncoding = 4; lastKnownFileType = sourcecode.c.objc; path = SYNMyRockPackViewController.m; sourceTree = "<group>"; };
		01982548162A203600216900 /* SYNMyRockPackViewController.xib */ = {isa = PBXFileReference; fileEncoding = 4; lastKnownFileType = file.xib; path = SYNMyRockPackViewController.xib; sourceTree = "<group>"; };
		0198254B162A204A00216900 /* SYNFriendsViewController.h */ = {isa = PBXFileReference; fileEncoding = 4; lastKnownFileType = sourcecode.c.h; path = SYNFriendsViewController.h; sourceTree = "<group>"; };
		0198254C162A204A00216900 /* SYNFriendsViewController.m */ = {isa = PBXFileReference; fileEncoding = 4; lastKnownFileType = sourcecode.c.objc; path = SYNFriendsViewController.m; sourceTree = "<group>"; };
		0198254D162A204A00216900 /* SYNFriendsViewController.xib */ = {isa = PBXFileReference; fileEncoding = 4; lastKnownFileType = file.xib; path = SYNFriendsViewController.xib; sourceTree = "<group>"; };
		01982551162A2AC300216900 /* PanelMainTitle@2x.png */ = {isa = PBXFileReference; lastKnownFileType = image.png; path = "PanelMainTitle@2x.png"; sourceTree = "<group>"; };
		01982559162ADE1100216900 /* SYNWallPackTopTabViewController.h */ = {isa = PBXFileReference; fileEncoding = 4; lastKnownFileType = sourcecode.c.h; path = SYNWallPackTopTabViewController.h; sourceTree = "<group>"; };
		0198255A162ADE1100216900 /* SYNWallPackTopTabViewController.m */ = {isa = PBXFileReference; fileEncoding = 4; lastKnownFileType = sourcecode.c.objc; path = SYNWallPackTopTabViewController.m; sourceTree = "<group>"; };
		0198255B162ADE1100216900 /* SYNWallPackTopTabViewController.xib */ = {isa = PBXFileReference; fileEncoding = 4; lastKnownFileType = file.xib; path = SYNWallPackTopTabViewController.xib; sourceTree = "<group>"; };
		01982564162ADEE300216900 /* SYNAbstractTopTabViewController.h */ = {isa = PBXFileReference; fileEncoding = 4; lastKnownFileType = sourcecode.c.h; path = SYNAbstractTopTabViewController.h; sourceTree = "<group>"; };
		01982565162ADEE300216900 /* SYNAbstractTopTabViewController.m */ = {isa = PBXFileReference; fileEncoding = 4; lastKnownFileType = sourcecode.c.objc; path = SYNAbstractTopTabViewController.m; sourceTree = "<group>"; };
		01982567162AE4B300216900 /* TabTopHighlighted@2x.png */ = {isa = PBXFileReference; lastKnownFileType = image.png; path = "TabTopHighlighted@2x.png"; sourceTree = "<group>"; };
		01982568162AE4B300216900 /* TabTop@2x.png */ = {isa = PBXFileReference; lastKnownFileType = image.png; path = "TabTop@2x.png"; sourceTree = "<group>"; };
		01982571162AF10B00216900 /* TabTopHighlighted.png */ = {isa = PBXFileReference; lastKnownFileType = image.png; path = TabTopHighlighted.png; sourceTree = "<group>"; };
		01982572162AF10B00216900 /* TabTop.png */ = {isa = PBXFileReference; lastKnownFileType = image.png; path = TabTop.png; sourceTree = "<group>"; };
		01982575162AFB9600216900 /* QuartzCore.framework */ = {isa = PBXFileReference; lastKnownFileType = wrapper.framework; name = QuartzCore.framework; path = System/Library/Frameworks/QuartzCore.framework; sourceTree = SDKROOT; };
		0198257D162B17A900216900 /* SYNWallPackCategoryAViewController.h */ = {isa = PBXFileReference; fileEncoding = 4; lastKnownFileType = sourcecode.c.h; path = SYNWallPackCategoryAViewController.h; sourceTree = "<group>"; };
		0198257E162B17A900216900 /* SYNWallPackCategoryAViewController.m */ = {isa = PBXFileReference; fileEncoding = 4; lastKnownFileType = sourcecode.c.objc; path = SYNWallPackCategoryAViewController.m; sourceTree = "<group>"; };
		0198257F162B17A900216900 /* SYNWallPackCategoryAViewController.xib */ = {isa = PBXFileReference; fileEncoding = 4; lastKnownFileType = file.xib; path = SYNWallPackCategoryAViewController.xib; sourceTree = "<group>"; };
		01982582162B17B800216900 /* SYNWallPackCategoryBViewController.h */ = {isa = PBXFileReference; fileEncoding = 4; lastKnownFileType = sourcecode.c.h; path = SYNWallPackCategoryBViewController.h; sourceTree = "<group>"; };
		01982583162B17B800216900 /* SYNWallPackCategoryBViewController.m */ = {isa = PBXFileReference; fileEncoding = 4; lastKnownFileType = sourcecode.c.objc; path = SYNWallPackCategoryBViewController.m; sourceTree = "<group>"; };
		01982584162B17B800216900 /* SYNWallPackCategoryBViewController.xib */ = {isa = PBXFileReference; fileEncoding = 4; lastKnownFileType = file.xib; path = SYNWallPackCategoryBViewController.xib; sourceTree = "<group>"; };
		01982587162B605A00216900 /* SYNTabImageView.h */ = {isa = PBXFileReference; fileEncoding = 4; lastKnownFileType = sourcecode.c.h; path = SYNTabImageView.h; sourceTree = "<group>"; };
		01982588162B605A00216900 /* SYNTabImageView.m */ = {isa = PBXFileReference; fileEncoding = 4; lastKnownFileType = sourcecode.c.objc; path = SYNTabImageView.m; sourceTree = "<group>"; };
		0198258A162B615D00216900 /* SYNddd.h */ = {isa = PBXFileReference; fileEncoding = 4; lastKnownFileType = sourcecode.c.h; path = SYNddd.h; sourceTree = "<group>"; };
		0198258B162B615D00216900 /* SYNddd.m */ = {isa = PBXFileReference; fileEncoding = 4; lastKnownFileType = sourcecode.c.objc; path = SYNddd.m; sourceTree = "<group>"; };
/* End PBXFileReference section */

/* Begin PBXFrameworksBuildPhase section */
		010DEFCD1629BDC40080F26B /* Frameworks */ = {
			isa = PBXFrameworksBuildPhase;
			buildActionMask = 2147483647;
			files = (
				019824F01629CC7600216900 /* libTestFlight.a in Frameworks */,
				019824F21629CE1600216900 /* libz.dylib in Frameworks */,
				010DEFD91629BDC40080F26B /* CoreGraphics.framework in Frameworks */,
				010DEFD71629BDC40080F26B /* Foundation.framework in Frameworks */,
				01982576162AFB9700216900 /* QuartzCore.framework in Frameworks */,
				010DEFD51629BDC40080F26B /* UIKit.framework in Frameworks */,
			);
			runOnlyForDeploymentPostprocessing = 0;
		};
/* End PBXFrameworksBuildPhase section */

/* Begin PBXGroup section */
		010DEFC51629BDC40080F26B = {
			isa = PBXGroup;
			children = (
				019824F11629CE1600216900 /* libz.dylib */,
				010DEFDA1629BDC40080F26B /* Source */,
				010DEFD31629BDC40080F26B /* Frameworks */,
				010DEFD11629BDC40080F26B /* Products */,
			);
			sourceTree = "<group>";
		};
		010DEFD11629BDC40080F26B /* Products */ = {
			isa = PBXGroup;
			children = (
				010DEFD01629BDC40080F26B /* RockPack.app */,
			);
			name = Products;
			sourceTree = "<group>";
		};
		010DEFD31629BDC40080F26B /* Frameworks */ = {
			isa = PBXGroup;
			children = (
				019824EE1629CC7600216900 /* libTestFlight.a */,
				010DEFD81629BDC40080F26B /* CoreGraphics.framework */,
				010DEFD61629BDC40080F26B /* Foundation.framework */,
				010DEFD41629BDC40080F26B /* UIKit.framework */,
				01982575162AFB9600216900 /* QuartzCore.framework */,
			);
			name = Frameworks;
			sourceTree = "<group>";
		};
		010DEFDA1629BDC40080F26B /* Source */ = {
			isa = PBXGroup;
			children = (
				01982525162A02DD00216900 /* Contstants */,
				019824E21629CAC000216900 /* App Delegate */,
				019824E31629CADE00216900 /* Custom Views */,
				019824E11629CAB600216900 /* View Controllers */,
				019824E41629CAF500216900 /* Helpers */,
				010DEFDB1629BDC40080F26B /* Supporting Files */,
				019824DD1629CA3700216900 /* Resources */,
			);
			name = Source;
			path = RockPack;
			sourceTree = "<group>";
		};
		010DEFDB1629BDC40080F26B /* Supporting Files */ = {
			isa = PBXGroup;
			children = (
				010DEFE01629BDC40080F26B /* main.m */,
				010DEFE21629BDC40080F26B /* RockPack-Prefix.pch */,
			);
			name = "Supporting Files";
			sourceTree = "<group>";
		};
		019824DD1629CA3700216900 /* Resources */ = {
			isa = PBXGroup;
			children = (
				019824DE1629CA5900216900 /* Images */,
				019824FB1629D19600216900 /* Fonts */,
				019824DF1629CA6000216900 /* Property List */,
				019824E01629CA9400216900 /* Strings */,
			);
			name = Resources;
			path = ..;
			sourceTree = "<group>";
		};
		019824DE1629CA5900216900 /* Images */ = {
			isa = PBXGroup;
			children = (
				01982550162A2AAC00216900 /* Panels */,
				0198250F1629E21F00216900 /* Tabs */,
				019825071629DC9B00216900 /* Backgrounds */,
				019824F41629CEA200216900 /* App Icons */,
				019824F31629CE9900216900 /* Launch Images */,
			);
			name = Images;
			sourceTree = "<group>";
		};
		019824DF1629CA6000216900 /* Property List */ = {
			isa = PBXGroup;
			children = (
				010DEFDC1629BDC40080F26B /* RockPack-Info.plist */,
			);
			name = "Property List";
			sourceTree = "<group>";
		};
		019824E01629CA9400216900 /* Strings */ = {
			isa = PBXGroup;
			children = (
				010DEFDD1629BDC40080F26B /* InfoPlist.strings */,
			);
			name = Strings;
			sourceTree = "<group>";
		};
		019824E11629CAB600216900 /* View Controllers */ = {
			isa = PBXGroup;
			children = (
				01982563162ADEAD00216900 /* Abstract */,
				01982562162ADE5200216900 /* Root */,
				0198255E162ADE2100216900 /* Wallpack */,
				0198255F162ADE2900216900 /* Discover */,
				01982560162ADE3300216900 /* My Rockpack */,
				01982561162ADE4000216900 /* Friends */,
			);
			name = "View Controllers";
			sourceTree = "<group>";
		};
		019824E21629CAC000216900 /* App Delegate */ = {
			isa = PBXGroup;
			children = (
				010DEFE31629BDC40080F26B /* SYNAppDelegate.h */,
				010DEFE41629BDC40080F26B /* SYNAppDelegate.m */,
			);
			name = "App Delegate";
			sourceTree = "<group>";
		};
		019824E31629CADE00216900 /* Custom Views */ = {
			isa = PBXGroup;
			children = (
				01982587162B605A00216900 /* SYNTabImageView.h */,
				01982588162B605A00216900 /* SYNTabImageView.m */,
			);
			name = "Custom Views";
			sourceTree = "<group>";
		};
		019824E41629CAF500216900 /* Helpers */ = {
			isa = PBXGroup;
			children = (
				019824ED1629CC6600216900 /* TestFlight */,
				019824E91629CBD000216900 /* Exception Handler */,
				019824E51629CB1D00216900 /* Debug */,
			);
			name = Helpers;
			sourceTree = "<group>";
		};
		019824E51629CB1D00216900 /* Debug */ = {
			isa = PBXGroup;
			children = (
				019824E61629CB4300216900 /* SYNDebug.h */,
				019824E71629CB4300216900 /* SYNDebug.m */,
			);
			name = Debug;
			sourceTree = "<group>";
		};
		019824E91629CBD000216900 /* Exception Handler */ = {
			isa = PBXGroup;
			children = (
				019824EA1629CBDF00216900 /* UncaughtExceptionHandler.h */,
				019824EB1629CBDF00216900 /* UncaughtExceptionHandler.m */,
			);
			name = "Exception Handler";
			sourceTree = "<group>";
		};
		019824ED1629CC6600216900 /* TestFlight */ = {
			isa = PBXGroup;
			children = (
				019824EF1629CC7600216900 /* TestFlight.h */,
			);
			name = TestFlight;
			sourceTree = "<group>";
		};
		019824F31629CE9900216900 /* Launch Images */ = {
			isa = PBXGroup;
			children = (
				019824F51629CEDC00216900 /* Default-Landscape@2x.png */,
			);
			name = "Launch Images";
			sourceTree = "<group>";
		};
		019824F41629CEA200216900 /* App Icons */ = {
			isa = PBXGroup;
			children = (
				019824F71629D07A00216900 /* Icon@2x.png */,
				019824F91629D09500216900 /* iTunesArtwork */,
			);
			name = "App Icons";
			sourceTree = "<group>";
		};
		019824FB1629D19600216900 /* Fonts */ = {
			isa = PBXGroup;
			children = (
				019824FC1629D1A600216900 /* DINNextLTPro-Bold.otf */,
				019824FD1629D1A600216900 /* DINNextLTPro-Regular.otf */,
			);
			name = Fonts;
			sourceTree = "<group>";
		};
		019825071629DC9B00216900 /* Backgrounds */ = {
			isa = PBXGroup;
			children = (
				019825081629DCA700216900 /* BackgroundDiscovery@2x.png */,
			);
			name = Backgrounds;
			sourceTree = "<group>";
		};
		0198250F1629E21F00216900 /* Tabs */ = {
			isa = PBXGroup;
			children = (
				01982572162AF10B00216900 /* TabTop.png */,
				01982568162AE4B300216900 /* TabTop@2x.png */,
				01982571162AF10B00216900 /* TabTopHighlighted.png */,
				01982567162AE4B300216900 /* TabTopHighlighted@2x.png */,
				019825101629E23000216900 /* TabFriendsHighlighted@2x.png */,
				019825111629E23000216900 /* TabFriends@2x.png */,
				019825121629E23000216900 /* TabMyRockPackHighlighted@2x.png */,
				019825131629E23000216900 /* TabMyRockPack@2x.png */,
				019825141629E23000216900 /* TabDiscoverHighlighted@2x.png */,
				019825151629E23000216900 /* TabDiscover@2x.png */,
				019825161629E23000216900 /* TabWallPacksHighlighted@2x.png */,
				019825171629E23000216900 /* TabWallPacks@2x.png */,
			);
			name = Tabs;
			sourceTree = "<group>";
		};
		01982525162A02DD00216900 /* Contstants */ = {
			isa = PBXGroup;
			children = (
				01982526162A02F700216900 /* AppContants.h */,
			);
			name = Contstants;
			sourceTree = "<group>";
		};
		01982550162A2AAC00216900 /* Panels */ = {
			isa = PBXGroup;
			children = (
				01982551162A2AC300216900 /* PanelMainTitle@2x.png */,
			);
			name = Panels;
			sourceTree = "<group>";
		};
		0198255E162ADE2100216900 /* Wallpack */ = {
			isa = PBXGroup;
			children = (
				01982559162ADE1100216900 /* SYNWallPackTopTabViewController.h */,
				0198255A162ADE1100216900 /* SYNWallPackTopTabViewController.m */,
				0198255B162ADE1100216900 /* SYNWallPackTopTabViewController.xib */,
				0198257D162B17A900216900 /* SYNWallPackCategoryAViewController.h */,
				0198257E162B17A900216900 /* SYNWallPackCategoryAViewController.m */,
				0198257F162B17A900216900 /* SYNWallPackCategoryAViewController.xib */,
				01982582162B17B800216900 /* SYNWallPackCategoryBViewController.h */,
				01982583162B17B800216900 /* SYNWallPackCategoryBViewController.m */,
				01982584162B17B800216900 /* SYNWallPackCategoryBViewController.xib */,
			);
			name = Wallpack;
			sourceTree = "<group>";
		};
		0198255F162ADE2900216900 /* Discover */ = {
			isa = PBXGroup;
			children = (
				01982541162A201800216900 /* SYNDiscoverViewController.h */,
				01982542162A201800216900 /* SYNDiscoverViewController.m */,
				01982543162A201800216900 /* SYNDiscoverViewController.xib */,
			);
			name = Discover;
			sourceTree = "<group>";
		};
		01982560162ADE3300216900 /* My Rockpack */ = {
			isa = PBXGroup;
			children = (
				01982546162A203600216900 /* SYNMyRockPackViewController.h */,
				01982547162A203600216900 /* SYNMyRockPackViewController.m */,
				01982548162A203600216900 /* SYNMyRockPackViewController.xib */,
			);
			name = "My Rockpack";
			sourceTree = "<group>";
		};
		01982561162ADE4000216900 /* Friends */ = {
			isa = PBXGroup;
			children = (
				0198254B162A204A00216900 /* SYNFriendsViewController.h */,
				0198254C162A204A00216900 /* SYNFriendsViewController.m */,
				0198254D162A204A00216900 /* SYNFriendsViewController.xib */,
			);
			name = Friends;
			sourceTree = "<group>";
		};
		01982562162ADE5200216900 /* Root */ = {
			isa = PBXGroup;
			children = (
				0198250A1629DCF100216900 /* SYNBottomTabViewController.h */,
				0198250B1629DCF100216900 /* SYNBottomTabViewController.m */,
				0198250C1629DCF100216900 /* SYNBottomTabViewController.xib */,
			);
			name = Root;
			sourceTree = "<group>";
		};
		01982563162ADEAD00216900 /* Abstract */ = {
			isa = PBXGroup;
			children = (
				01982564162ADEE300216900 /* SYNAbstractTopTabViewController.h */,
				01982565162ADEE300216900 /* SYNAbstractTopTabViewController.m */,
				0198258A162B615D00216900 /* SYNddd.h */,
				0198258B162B615D00216900 /* SYNddd.m */,
			);
			name = Abstract;
			sourceTree = "<group>";
		};
/* End PBXGroup section */

/* Begin PBXNativeTarget section */
		010DEFCF1629BDC40080F26B /* RockPack */ = {
			isa = PBXNativeTarget;
			buildConfigurationList = 010DEFF41629BDC40080F26B /* Build configuration list for PBXNativeTarget "RockPack" */;
			buildPhases = (
				010DEFCC1629BDC40080F26B /* Sources */,
				010DEFCD1629BDC40080F26B /* Frameworks */,
				010DEFCE1629BDC40080F26B /* Resources */,
			);
			buildRules = (
			);
			dependencies = (
			);
			name = RockPack;
			productName = RockPack;
			productReference = 010DEFD01629BDC40080F26B /* RockPack.app */;
			productType = "com.apple.product-type.application";
		};
/* End PBXNativeTarget section */

/* Begin PBXProject section */
		010DEFC71629BDC40080F26B /* Project object */ = {
			isa = PBXProject;
			attributes = {
				CLASSPREFIX = SYN;
				LastUpgradeCheck = 0450;
				ORGANIZATIONNAME = "Nick Banks";
			};
			buildConfigurationList = 010DEFCA1629BDC40080F26B /* Build configuration list for PBXProject "RockPack" */;
			compatibilityVersion = "Xcode 3.2";
			developmentRegion = English;
			hasScannedForEncodings = 0;
			knownRegions = (
				en,
			);
			mainGroup = 010DEFC51629BDC40080F26B;
			productRefGroup = 010DEFD11629BDC40080F26B /* Products */;
			projectDirPath = "";
			projectRoot = "";
			targets = (
				010DEFCF1629BDC40080F26B /* RockPack */,
			);
		};
/* End PBXProject section */

/* Begin PBXResourcesBuildPhase section */
		010DEFCE1629BDC40080F26B /* Resources */ = {
			isa = PBXResourcesBuildPhase;
			buildActionMask = 2147483647;
			files = (
				010DEFDF1629BDC40080F26B /* InfoPlist.strings in Resources */,
				019824F61629CEDC00216900 /* Default-Landscape@2x.png in Resources */,
				019824F81629D07A00216900 /* Icon@2x.png in Resources */,
				019824FA1629D09500216900 /* iTunesArtwork in Resources */,
				019824FE1629D1A600216900 /* DINNextLTPro-Bold.otf in Resources */,
				019824FF1629D1A600216900 /* DINNextLTPro-Regular.otf in Resources */,
				019825091629DCA700216900 /* BackgroundDiscovery@2x.png in Resources */,
				0198250E1629DCF100216900 /* SYNBottomTabViewController.xib in Resources */,
				019825181629E23000216900 /* TabFriendsHighlighted@2x.png in Resources */,
				019825191629E23000216900 /* TabFriends@2x.png in Resources */,
				0198251A1629E23000216900 /* TabMyRockPackHighlighted@2x.png in Resources */,
				0198251B1629E23000216900 /* TabMyRockPack@2x.png in Resources */,
				0198251C1629E23000216900 /* TabDiscoverHighlighted@2x.png in Resources */,
				0198251D1629E23000216900 /* TabDiscover@2x.png in Resources */,
				0198251E1629E23000216900 /* TabWallPacksHighlighted@2x.png in Resources */,
				0198251F1629E23000216900 /* TabWallPacks@2x.png in Resources */,
				01982545162A201800216900 /* SYNDiscoverViewController.xib in Resources */,
				0198254A162A203600216900 /* SYNMyRockPackViewController.xib in Resources */,
				0198254F162A204A00216900 /* SYNFriendsViewController.xib in Resources */,
				01982552162A2AC300216900 /* PanelMainTitle@2x.png in Resources */,
				0198255D162ADE1200216900 /* SYNWallPackTopTabViewController.xib in Resources */,
				01982569162AE4B300216900 /* TabTopHighlighted@2x.png in Resources */,
				0198256A162AE4B300216900 /* TabTop@2x.png in Resources */,
				01982573162AF10B00216900 /* TabTopHighlighted.png in Resources */,
				01982574162AF10B00216900 /* TabTop.png in Resources */,
				01982581162B17A900216900 /* SYNWallPackCategoryAViewController.xib in Resources */,
				01982586162B17B800216900 /* SYNWallPackCategoryBViewController.xib in Resources */,
			);
			runOnlyForDeploymentPostprocessing = 0;
		};
/* End PBXResourcesBuildPhase section */

/* Begin PBXSourcesBuildPhase section */
		010DEFCC1629BDC40080F26B /* Sources */ = {
			isa = PBXSourcesBuildPhase;
			buildActionMask = 2147483647;
			files = (
				010DEFE11629BDC40080F26B /* main.m in Sources */,
				010DEFE51629BDC40080F26B /* SYNAppDelegate.m in Sources */,
				019824E81629CB4300216900 /* SYNDebug.m in Sources */,
				019824EC1629CBDF00216900 /* UncaughtExceptionHandler.m in Sources */,
				0198250D1629DCF100216900 /* SYNBottomTabViewController.m in Sources */,
				01982544162A201800216900 /* SYNDiscoverViewController.m in Sources */,
				01982549162A203600216900 /* SYNMyRockPackViewController.m in Sources */,
				0198254E162A204A00216900 /* SYNFriendsViewController.m in Sources */,
				0198255C162ADE1200216900 /* SYNWallPackTopTabViewController.m in Sources */,
				01982566162ADEE300216900 /* SYNAbstractTopTabViewController.m in Sources */,
				01982580162B17A900216900 /* SYNWallPackCategoryAViewController.m in Sources */,
				01982585162B17B800216900 /* SYNWallPackCategoryBViewController.m in Sources */,
				01982589162B605A00216900 /* SYNTabImageView.m in Sources */,
				0198258C162B615D00216900 /* SYNddd.m in Sources */,
			);
			runOnlyForDeploymentPostprocessing = 0;
		};
/* End PBXSourcesBuildPhase section */

/* Begin PBXVariantGroup section */
		010DEFDD1629BDC40080F26B /* InfoPlist.strings */ = {
			isa = PBXVariantGroup;
			children = (
				010DEFDE1629BDC40080F26B /* en */,
			);
			name = InfoPlist.strings;
			path = RockPack;
			sourceTree = "<group>";
		};
/* End PBXVariantGroup section */

/* Begin XCBuildConfiguration section */
		010DEFF21629BDC40080F26B /* Debug */ = {
			isa = XCBuildConfiguration;
			buildSettings = {
				ALWAYS_SEARCH_USER_PATHS = NO;
				CLANG_CXX_LANGUAGE_STANDARD = "gnu++0x";
				CLANG_CXX_LIBRARY = "libc++";
				CLANG_ENABLE_OBJC_ARC = YES;
				CLANG_WARN_EMPTY_BODY = YES;
				CLANG_WARN__DUPLICATE_METHOD_MATCH = YES;
				"CODE_SIGN_IDENTITY[sdk=iphoneos*]" = "iPhone Developer";
				COPY_PHASE_STRIP = NO;
				GCC_C_LANGUAGE_STANDARD = gnu99;
				GCC_DYNAMIC_NO_PIC = NO;
				GCC_OPTIMIZATION_LEVEL = 0;
				GCC_PREPROCESSOR_DEFINITIONS = (
					"DEBUG=1",
					"$(inherited)",
				);
				GCC_SYMBOLS_PRIVATE_EXTERN = NO;
				GCC_WARN_ABOUT_RETURN_TYPE = YES;
				GCC_WARN_UNINITIALIZED_AUTOS = YES;
				GCC_WARN_UNUSED_VARIABLE = YES;
				IPHONEOS_DEPLOYMENT_TARGET = 6.0;
				ONLY_ACTIVE_ARCH = YES;
				SDKROOT = iphoneos;
				TARGETED_DEVICE_FAMILY = 2;
			};
			name = Debug;
		};
		010DEFF31629BDC40080F26B /* Release */ = {
			isa = XCBuildConfiguration;
			buildSettings = {
				ALWAYS_SEARCH_USER_PATHS = NO;
				CLANG_CXX_LANGUAGE_STANDARD = "gnu++0x";
				CLANG_CXX_LIBRARY = "libc++";
				CLANG_ENABLE_OBJC_ARC = YES;
				CLANG_WARN_EMPTY_BODY = YES;
				CLANG_WARN__DUPLICATE_METHOD_MATCH = YES;
				"CODE_SIGN_IDENTITY[sdk=iphoneos*]" = "iPhone Developer";
				COPY_PHASE_STRIP = YES;
				GCC_C_LANGUAGE_STANDARD = gnu99;
				GCC_WARN_ABOUT_RETURN_TYPE = YES;
				GCC_WARN_UNINITIALIZED_AUTOS = YES;
				GCC_WARN_UNUSED_VARIABLE = YES;
				IPHONEOS_DEPLOYMENT_TARGET = 6.0;
				OTHER_CFLAGS = "-DNS_BLOCK_ASSERTIONS=1";
				SDKROOT = iphoneos;
				TARGETED_DEVICE_FAMILY = 2;
				VALIDATE_PRODUCT = YES;
			};
			name = Release;
		};
		010DEFF51629BDC40080F26B /* Debug */ = {
			isa = XCBuildConfiguration;
			buildSettings = {
				GCC_PRECOMPILE_PREFIX_HEADER = YES;
				GCC_PREFIX_HEADER = "RockPack/RockPack-Prefix.pch";
				INFOPLIST_FILE = "RockPack/RockPack-Info.plist";
				LIBRARY_SEARCH_PATHS = (
					"$(inherited)",
					"\"$(SRCROOT)/RockPack\"",
				);
				PRODUCT_NAME = "$(TARGET_NAME)";
				WRAPPER_EXTENSION = app;
			};
			name = Debug;
		};
		010DEFF61629BDC40080F26B /* Release */ = {
			isa = XCBuildConfiguration;
			buildSettings = {
				GCC_PRECOMPILE_PREFIX_HEADER = YES;
				GCC_PREFIX_HEADER = "RockPack/RockPack-Prefix.pch";
				INFOPLIST_FILE = "RockPack/RockPack-Info.plist";
				LIBRARY_SEARCH_PATHS = (
					"$(inherited)",
					"\"$(SRCROOT)/RockPack\"",
				);
				PRODUCT_NAME = "$(TARGET_NAME)";
				WRAPPER_EXTENSION = app;
			};
			name = Release;
		};
/* End XCBuildConfiguration section */

/* Begin XCConfigurationList section */
		010DEFCA1629BDC40080F26B /* Build configuration list for PBXProject "RockPack" */ = {
			isa = XCConfigurationList;
			buildConfigurations = (
				010DEFF21629BDC40080F26B /* Debug */,
				010DEFF31629BDC40080F26B /* Release */,
			);
			defaultConfigurationIsVisible = 0;
			defaultConfigurationName = Release;
		};
		010DEFF41629BDC40080F26B /* Build configuration list for PBXNativeTarget "RockPack" */ = {
			isa = XCConfigurationList;
			buildConfigurations = (
				010DEFF51629BDC40080F26B /* Debug */,
				010DEFF61629BDC40080F26B /* Release */,
			);
			defaultConfigurationIsVisible = 0;
			defaultConfigurationName = Release;
		};
/* End XCConfigurationList section */
	};
	rootObject = 010DEFC71629BDC40080F26B /* Project object */;
}
