PODS:
  - MKNetworkKit (HEAD based on 0.87):
    - Reachability (~> 3.1.0)
  - Reachability (HEAD based on 3.1.0)
  - SSKeychain (0.2.1)
  - XRay (1.2)

DEPENDENCIES:
  - MKNetworkKit (HEAD)
  - Reachability (HEAD)
  - SSKeychain (~> 0.2.1)
  - XRay (~> 1.2)

SPEC CHECKSUMS:
  MKNetworkKit: 79a362de7fdcae82b714c45e0003c52b3b6e53c8
  Reachability: ba94ecd4eaa037be3d0588b38956672588530c5b
  SSKeychain: ffa1a79eb716d9ed1ca184fb0cf218087ca28486
  XRay: 75a6dc9c76a74588698be882e5d30a818c48f987

COCOAPODS: 0.18.0
