PODS:
  - Appirater (HEAD based on 1.0.3)
  - MKNetworkKit (HEAD based on 0.87):
    - Reachability (~> 3.1.0)
  - Reachability (HEAD based on 3.1.0)
  - SparkInspector (1.0.9)
  - SSKeychain (0.2.1)

DEPENDENCIES:
  - Appirater (HEAD)
  - MKNetworkKit (HEAD)
  - Reachability (HEAD)
  - SparkInspector
  - SSKeychain (~> 0.2.1)

SPEC CHECKSUMS:
  Appirater: 1c146af7b0ef3e2114a17db2e185f94367f63a99
  MKNetworkKit: f174100f92473012138b6b1c3040266af8d43a14
  Reachability: ba94ecd4eaa037be3d0588b38956672588530c5b
  SparkInspector: 624c94c3f7ae60ac57f85fbda48fce1f4470d9b4
  SSKeychain: ffa1a79eb716d9ed1ca184fb0cf218087ca28486

COCOAPODS: 0.20.2
